PODS:
  - SQLite.swift (0.13.3):
    - SQLite.swift/standard (= 0.13.3)
  - SQLite.swift/standard (0.13.3)

DEPENDENCIES:
  - SQLite.swift

SPEC REPOS:
  trunk:
    - SQLite.swift

SPEC CHECKSUMS:
  SQLite.swift: 903bfa3bc9ab06345fdfbb578e34f47cfcf417da

PODFILE CHECKSUM: a58d9eb42099ec0b3de413c81586d666a5aba517

COCOAPODS: 1.11.2
