PODS:
  - AutoSQLiteSwift (0.0.10):
    - HandyJSON (~> 5.0.2)
    - SQLite.swift (~> 0.13)
  - GIFImage (0.0.0)
  - HandyJSON (5.0.2)
  - SQLite.swift (0.13.3):
    - SQLite.swift/standard (= 0.13.3)
  - SQLite.swift/standard (0.13.3)

DEPENDENCIES:
  - AutoSQLiteSwift (from `AutoSQLiteSwift`)
  - GIFImage (from `GIFImage`)
  - SQLite.swift

SPEC REPOS:
  trunk:
    - HandyJSON
    - SQLite.swift

EXTERNAL SOURCES:
  AutoSQLiteSwift:
    :path: AutoSQLiteSwift
  GIFImage:
    :path: GIFImage

SPEC CHECKSUMS:
  AutoSQLiteSwift: a4826d219c2a75d026d718dae28441f6616699ce
  GIFImage: eeec79b14e7f9c4444f811cb3ffd02ffa2fa6673
  HandyJSON: 9e4e236f5d2dbefad5155a77417bbea438201c03
  SQLite.swift: 903bfa3bc9ab06345fdfbb578e34f47cfcf417da

PODFILE CHECKSUM: 9ce496d924a2aaff5ad77fbecef8ce49211c3dff

COCOAPODS: 1.11.3
