PODS:
  - SQLiteRepairKit (1.2.2):
    - WCDBOptimizedSQLCipher (~> 1.2.0)
  - WCDB (1.0.7.5):
    - SQLiteRepairKit (~> 1.2.0)
    - WCDBOptimizedSQLCipher (~> 1.2.0)
  - WCDBOptimizedSQLCipher (1.2.1)

DEPENDENCIES:
  - WCDB (~> 1.0)

SPEC REPOS:
  trunk:
    - SQLiteRepairKit
    - WCDB
    - WCDBOptimizedSQLCipher

SPEC CHECKSUMS:
  SQLiteRepairKit: 35aaae5a8838adb85f5b1eb4d796055be6060a4b
  WCDB: 8e90babdeb7784c569353a4bd22a66c0a175a882
  WCDBOptimizedSQLCipher: baf44493b0c7a3d49e97bc5b64a3856f6428ddd1

PODFILE CHECKSUM: 36cc6c1077c9db678815fedab18bd08e60f4492c

COCOAPODS: 1.11.2
